
Microsoft Visual Studio Solution File, Format Version 12.00
# Visual Studio Version 17
VisualStudioVersion = 17.8.34330.188
MinimumVisualStudioVersion = 10.0.40219.1
Project("{FAE04EC0-301F-11D3-BF4B-00C04F79EFBC}") = "KalkulatorBMI.Android", "KalkulatorBMI\KalkulatorBMI.Android\KalkulatorBMI.Android.csproj", "{52C551D3-D4C5-44F5-AD2B-9DFB4DAF1B15}"
EndProject
Project("{FAE04EC0-301F-11D3-BF4B-00C04F79EFBC}") = "KalkulatorBMI", "KalkulatorBMI\KalkulatorBMI\KalkulatorBMI.csproj", "{230D58F6-2C84-4A17-8237-BECC61A4DA30}"
EndProject
Global
	GlobalSection(SolutionConfigurationPlatforms) = preSolution
		Debug|Any CPU = Debug|Any CPU
		Release|Any CPU = Release|Any CPU
	EndGlobalSection
	GlobalSection(ProjectConfigurationPlatforms) = postSolution
		{52C551D3-D4C5-44F5-AD2B-9DFB4DAF1B15}.Debug|Any CPU.ActiveCfg = Debug|Any CPU
		{52C551D3-D4C5-44F5-AD2B-9DFB4DAF1B15}.Debug|Any CPU.Build.0 = Debug|Any CPU
		{52C551D3-D4C5-44F5-AD2B-9DFB4DAF1B15}.Debug|Any CPU.Deploy.0 = Debug|Any CPU
		{52C551D3-D4C5-44F5-AD2B-9DFB4DAF1B15}.Release|Any CPU.ActiveCfg = Release|Any CPU
		{52C551D3-D4C5-44F5-AD2B-9DFB4DAF1B15}.Release|Any CPU.Build.0 = Release|Any CPU
		{52C551D3-D4C5-44F5-AD2B-9DFB4DAF1B15}.Release|Any CPU.Deploy.0 = Release|Any CPU
		{230D58F6-2C84-4A17-8237-BECC61A4DA30}.Debug|Any CPU.ActiveCfg = Debug|Any CPU
		{230D58F6-2C84-4A17-8237-BECC61A4DA30}.Debug|Any CPU.Build.0 = Debug|Any CPU
		{230D58F6-2C84-4A17-8237-BECC61A4DA30}.Release|Any CPU.ActiveCfg = Release|Any CPU
		{230D58F6-2C84-4A17-8237-BECC61A4DA30}.Release|Any CPU.Build.0 = Release|Any CPU
	EndGlobalSection
	GlobalSection(SolutionProperties) = preSolution
		HideSolutionNode = FALSE
	EndGlobalSection
	GlobalSection(ExtensibilityGlobals) = postSolution
		SolutionGuid = {E284D1C0-88AE-44AA-8F41-BA3F9AC60EEE}
	EndGlobalSection
EndGlobal
